PODS:
  - KlarnaCheckout (1.5.0)

DEPENDENCIES:
  - KlarnaCheckout (from `https://github.com/klarna/kco-mobile-sdk.git`, branch `v1.5.0`)

EXTERNAL SOURCES:
  KlarnaCheckout:
    :branch: v1.5.0
    :git: https://github.com/klarna/kco-mobile-sdk.git

CHECKOUT OPTIONS:
  KlarnaCheckout:
    :commit: 6a06f71b6688e259a546193163ce1bf15b3f4c7d
    :git: https://github.com/klarna/kco-mobile-sdk.git

SPEC CHECKSUMS:
  KlarnaCheckout: 4ebaa734e013a4464523937bbaa84677496d0faf

PODFILE CHECKSUM: f6a7e8fd4e58d8cbbbc70984083ca38d8fb5c1b8

COCOAPODS: 1.0.1
